{
  "name": "str-randomizer",
  "version": "1.0.0",
  "lockfileVersion": 3,
  "requires": true,
  "packages": {
    "": {
      "name": "str-randomizer",
      "version": "1.0.0",
      "license": "MIT",
      "dependencies": {
        "str-randomizer": "^1.0.0"
      },
      "bin": {
        "str-randomizer": "bin/global.js"
      }
    },
    "node_modules/str-randomizer": {
      "version": "1.0.0",
      "resolved": "https://registry.npmjs.org/str-randomizer/-/str-randomizer-1.0.0.tgz",
      "integrity": "sha512-b+BJBf8SX2QdhehaRJkIlThrJZCzseIWhtCSwexDbOUymOdEdkpH11R4p96tHUlr/DXOIBYNJB1j43w5BLU/dA==",
      "bin": {
        "str-randomizer": "bin/global.js"
      }
    }
  }
}
